[[package]]
name = "bitflags"
version = "1.0.4"
source = "registry+https://github.com/rust-lang/crates.io-index"

[[package]]
name = "cast"
version = "0.2.2"
source = "registry+https://github.com/rust-lang/crates.io-index"

[[package]]
name = "cc"
version = "1.0.29"
source = "registry+https://github.com/rust-lang/crates.io-index"

[[package]]
name = "cfg-if"
version = "0.1.6"
source = "registry+https://github.com/rust-lang/crates.io-index"

[[package]]
name = "cranelift-bforest"
version = "0.28.0"
source = "registry+https://github.com/rust-lang/crates.io-index"
dependencies = [
 "cranelift-entity 0.28.0 (registry+https://github.com/rust-lang/crates.io-index)",
]

[[package]]
name = "cranelift-codegen"
version = "0.28.0"
source = "registry+https://github.com/rust-lang/crates.io-index"
dependencies = [
 "cranelift-bforest 0.28.0 (registry+https://github.com/rust-lang/crates.io-index)",
 "cranelift-codegen-meta 0.28.0 (registry+https://github.com/rust-lang/crates.io-index)",
 "cranelift-entity 0.28.0 (registry+https://github.com/rust-lang/crates.io-index)",
 "failure 0.1.5 (registry+https://github.com/rust-lang/crates.io-index)",
 "failure_derive 0.1.5 (registry+https://github.com/rust-lang/crates.io-index)",
 "log 0.4.6 (registry+https://github.com/rust-lang/crates.io-index)",
 "target-lexicon 0.2.0 (registry+https://github.com/rust-lang/crates.io-index)",
]

[[package]]
name = "cranelift-codegen-meta"
version = "0.28.0"
source = "registry+https://github.com/rust-lang/crates.io-index"
dependencies = [
 "cranelift-entity 0.28.0 (registry+https://github.com/rust-lang/crates.io-index)",
]

[[package]]
name = "cranelift-entity"
version = "0.28.0"
source = "registry+https://github.com/rust-lang/crates.io-index"

[[package]]
name = "cranelift-frontend"
version = "0.28.0"
source = "registry+https://github.com/rust-lang/crates.io-index"
dependencies = [
 "cranelift-codegen 0.28.0 (registry+https://github.com/rust-lang/crates.io-index)",
 "log 0.4.6 (registry+https://github.com/rust-lang/crates.io-index)",
 "target-lexicon 0.2.0 (registry+https://github.com/rust-lang/crates.io-index)",
]

[[package]]
name = "cranelift-native"
version = "0.28.0"
source = "registry+https://github.com/rust-lang/crates.io-index"
dependencies = [
 "cranelift-codegen 0.28.0 (registry+https://github.com/rust-lang/crates.io-index)",
 "raw-cpuid 6.1.0 (registry+https://github.com/rust-lang/crates.io-index)",
 "target-lexicon 0.2.0 (registry+https://github.com/rust-lang/crates.io-index)",
]

[[package]]
name = "cranelift-wasm"
version = "0.28.0"
source = "registry+https://github.com/rust-lang/crates.io-index"
dependencies = [
 "cast 0.2.2 (registry+https://github.com/rust-lang/crates.io-index)",
 "cranelift-codegen 0.28.0 (registry+https://github.com/rust-lang/crates.io-index)",
 "cranelift-entity 0.28.0 (registry+https://github.com/rust-lang/crates.io-index)",
 "cranelift-frontend 0.28.0 (registry+https://github.com/rust-lang/crates.io-index)",
 "failure 0.1.5 (registry+https://github.com/rust-lang/crates.io-index)",
 "failure_derive 0.1.5 (registry+https://github.com/rust-lang/crates.io-index)",
 "log 0.4.6 (registry+https://github.com/rust-lang/crates.io-index)",
 "wasmparser 0.23.0 (registry+https://github.com/rust-lang/crates.io-index)",
]

[[package]]
name = "failure"
version = "0.1.5"
source = "registry+https://github.com/rust-lang/crates.io-index"
dependencies = [
 "failure_derive 0.1.5 (registry+https://github.com/rust-lang/crates.io-index)",
]

[[package]]
name = "failure_derive"
version = "0.1.5"
source = "registry+https://github.com/rust-lang/crates.io-index"
dependencies = [
 "proc-macro2 0.4.27 (registry+https://github.com/rust-lang/crates.io-index)",
 "quote 0.6.11 (registry+https://github.com/rust-lang/crates.io-index)",
 "syn 0.15.26 (registry+https://github.com/rust-lang/crates.io-index)",
 "synstructure 0.10.1 (registry+https://github.com/rust-lang/crates.io-index)",
]

[[package]]
name = "itoa"
version = "0.4.3"
source = "registry+https://github.com/rust-lang/crates.io-index"

[[package]]
name = "log"
version = "0.4.6"
source = "registry+https://github.com/rust-lang/crates.io-index"
dependencies = [
 "cfg-if 0.1.6 (registry+https://github.com/rust-lang/crates.io-index)",
]

[[package]]
name = "proc-macro2"
version = "0.4.27"
source = "registry+https://github.com/rust-lang/crates.io-index"
dependencies = [
 "unicode-xid 0.1.0 (registry+https://github.com/rust-lang/crates.io-index)",
]

[[package]]
name = "quote"
version = "0.6.11"
source = "registry+https://github.com/rust-lang/crates.io-index"
dependencies = [
 "proc-macro2 0.4.27 (registry+https://github.com/rust-lang/crates.io-index)",
]

[[package]]
name = "raw-cpuid"
version = "6.1.0"
source = "registry+https://github.com/rust-lang/crates.io-index"
dependencies = [
 "bitflags 1.0.4 (registry+https://github.com/rust-lang/crates.io-index)",
 "cc 1.0.29 (registry+https://github.com/rust-lang/crates.io-index)",
 "rustc_version 0.2.3 (registry+https://github.com/rust-lang/crates.io-index)",
]

[[package]]
name = "rustc_version"
version = "0.2.3"
source = "registry+https://github.com/rust-lang/crates.io-index"
dependencies = [
 "semver 0.9.0 (registry+https://github.com/rust-lang/crates.io-index)",
]

[[package]]
name = "ryu"
version = "0.2.7"
source = "registry+https://github.com/rust-lang/crates.io-index"

[[package]]
name = "semver"
version = "0.9.0"
source = "registry+https://github.com/rust-lang/crates.io-index"
dependencies = [
 "semver-parser 0.7.0 (registry+https://github.com/rust-lang/crates.io-index)",
]

[[package]]
name = "semver-parser"
version = "0.7.0"
source = "registry+https://github.com/rust-lang/crates.io-index"

[[package]]
name = "serde"
version = "1.0.88"
source = "registry+https://github.com/rust-lang/crates.io-index"

[[package]]
name = "serde_json"
version = "1.0.38"
source = "registry+https://github.com/rust-lang/crates.io-index"
dependencies = [
 "itoa 0.4.3 (registry+https://github.com/rust-lang/crates.io-index)",
 "ryu 0.2.7 (registry+https://github.com/rust-lang/crates.io-index)",
 "serde 1.0.88 (registry+https://github.com/rust-lang/crates.io-index)",
]

[[package]]
name = "syn"
version = "0.15.26"
source = "registry+https://github.com/rust-lang/crates.io-index"
dependencies = [
 "proc-macro2 0.4.27 (registry+https://github.com/rust-lang/crates.io-index)",
 "quote 0.6.11 (registry+https://github.com/rust-lang/crates.io-index)",
 "unicode-xid 0.1.0 (registry+https://github.com/rust-lang/crates.io-index)",
]

[[package]]
name = "synstructure"
version = "0.10.1"
source = "registry+https://github.com/rust-lang/crates.io-index"
dependencies = [
 "proc-macro2 0.4.27 (registry+https://github.com/rust-lang/crates.io-index)",
 "quote 0.6.11 (registry+https://github.com/rust-lang/crates.io-index)",
 "syn 0.15.26 (registry+https://github.com/rust-lang/crates.io-index)",
 "unicode-xid 0.1.0 (registry+https://github.com/rust-lang/crates.io-index)",
]

[[package]]
name = "target-lexicon"
version = "0.2.0"
source = "registry+https://github.com/rust-lang/crates.io-index"
dependencies = [
 "failure 0.1.5 (registry+https://github.com/rust-lang/crates.io-index)",
 "failure_derive 0.1.5 (registry+https://github.com/rust-lang/crates.io-index)",
 "serde_json 1.0.38 (registry+https://github.com/rust-lang/crates.io-index)",
]

[[package]]
name = "unicode-xid"
version = "0.1.0"
source = "registry+https://github.com/rust-lang/crates.io-index"

[[package]]
name = "wasm_test"
version = "0.1.0"
dependencies = [
 "cranelift-codegen 0.28.0 (registry+https://github.com/rust-lang/crates.io-index)",
 "cranelift-native 0.28.0 (registry+https://github.com/rust-lang/crates.io-index)",
 "cranelift-wasm 0.28.0 (registry+https://github.com/rust-lang/crates.io-index)",
]

[[package]]
name = "wasmparser"
version = "0.23.0"
source = "registry+https://github.com/rust-lang/crates.io-index"

[metadata]
"checksum bitflags 1.0.4 (registry+https://github.com/rust-lang/crates.io-index)" = "228047a76f468627ca71776ecdebd732a3423081fcf5125585bcd7c49886ce12"
"checksum cast 0.2.2 (registry+https://github.com/rust-lang/crates.io-index)" = "926013f2860c46252efceabb19f4a6b308197505082c609025aa6706c011d427"
"checksum cc 1.0.29 (registry+https://github.com/rust-lang/crates.io-index)" = "4390a3b5f4f6bce9c1d0c00128379df433e53777fdd30e92f16a529332baec4e"
"checksum cfg-if 0.1.6 (registry+https://github.com/rust-lang/crates.io-index)" = "082bb9b28e00d3c9d39cc03e64ce4cea0f1bb9b3fde493f0cbc008472d22bdf4"
"checksum cranelift-bforest 0.28.0 (registry+https://github.com/rust-lang/crates.io-index)" = "c88db0c2fc38b2cedee1b94ee2dc7bf80e4ce31467c8005743f485af66e240d8"
"checksum cranelift-codegen 0.28.0 (registry+https://github.com/rust-lang/crates.io-index)" = "4ce2e412970cfda0fa11806758d79a46c02b8fa1b91c35a8d3e2b4c947ce0c35"
"checksum cranelift-codegen-meta 0.28.0 (registry+https://github.com/rust-lang/crates.io-index)" = "43131e662da7e0243cff28edfbc094a62968a4b57849f77a6c1e3685e9e6e1e6"
"checksum cranelift-entity 0.28.0 (registry+https://github.com/rust-lang/crates.io-index)" = "c4ccc3743848cbb53e58b62685703dc12ea553c3bc8f21db76f23c68054eb69a"
"checksum cranelift-frontend 0.28.0 (registry+https://github.com/rust-lang/crates.io-index)" = "89ecc8b49d4ab98f2c121832fee365da88b7b0ffad77d4e328015b1fd1f7f4b1"
"checksum cranelift-native 0.28.0 (registry+https://github.com/rust-lang/crates.io-index)" = "9876722d8a172bdb14bb6e281b7207ae0baae852235e5d37f0eb592504989f44"
"checksum cranelift-wasm 0.28.0 (registry+https://github.com/rust-lang/crates.io-index)" = "c7eccd196ecd01a2394ce05e2259afe5704874816b058541c7cce7794f0e835e"
"checksum failure 0.1.5 (registry+https://github.com/rust-lang/crates.io-index)" = "795bd83d3abeb9220f257e597aa0080a508b27533824adf336529648f6abf7e2"
"checksum failure_derive 0.1.5 (registry+https://github.com/rust-lang/crates.io-index)" = "ea1063915fd7ef4309e222a5a07cf9c319fb9c7836b1f89b85458672dbb127e1"
"checksum itoa 0.4.3 (registry+https://github.com/rust-lang/crates.io-index)" = "1306f3464951f30e30d12373d31c79fbd52d236e5e896fd92f96ec7babbbe60b"
"checksum log 0.4.6 (registry+https://github.com/rust-lang/crates.io-index)" = "c84ec4b527950aa83a329754b01dbe3f58361d1c5efacd1f6d68c494d08a17c6"
"checksum proc-macro2 0.4.27 (registry+https://github.com/rust-lang/crates.io-index)" = "4d317f9caece796be1980837fd5cb3dfec5613ebdb04ad0956deea83ce168915"
"checksum quote 0.6.11 (registry+https://github.com/rust-lang/crates.io-index)" = "cdd8e04bd9c52e0342b406469d494fcb033be4bdbe5c606016defbb1681411e1"
"checksum raw-cpuid 6.1.0 (registry+https://github.com/rust-lang/crates.io-index)" = "30a9d219c32c9132f7be513c18be77c9881c7107d2ab5569d205a6a0f0e6dc7d"
"checksum rustc_version 0.2.3 (registry+https://github.com/rust-lang/crates.io-index)" = "138e3e0acb6c9fb258b19b67cb8abd63c00679d2851805ea151465464fe9030a"
"checksum ryu 0.2.7 (registry+https://github.com/rust-lang/crates.io-index)" = "eb9e9b8cde282a9fe6a42dd4681319bfb63f121b8a8ee9439c6f4107e58a46f7"
"checksum semver 0.9.0 (registry+https://github.com/rust-lang/crates.io-index)" = "1d7eb9ef2c18661902cc47e535f9bc51b78acd254da71d375c2f6720d9a40403"
"checksum semver-parser 0.7.0 (registry+https://github.com/rust-lang/crates.io-index)" = "388a1df253eca08550bef6c72392cfe7c30914bf41df5269b68cbd6ff8f570a3"
"checksum serde 1.0.88 (registry+https://github.com/rust-lang/crates.io-index)" = "9f301d728f2b94c9a7691c90f07b0b4e8a4517181d9461be94c04bddeb4bd850"
"checksum serde_json 1.0.38 (registry+https://github.com/rust-lang/crates.io-index)" = "27dce848e7467aa0e2fcaf0a413641499c0b745452aaca1194d24dedde9e13c9"
"checksum syn 0.15.26 (registry+https://github.com/rust-lang/crates.io-index)" = "f92e629aa1d9c827b2bb8297046c1ccffc57c99b947a680d3ccff1f136a3bee9"
"checksum synstructure 0.10.1 (registry+https://github.com/rust-lang/crates.io-index)" = "73687139bf99285483c96ac0add482c3776528beac1d97d444f6e91f203a2015"
"checksum target-lexicon 0.2.0 (registry+https://github.com/rust-lang/crates.io-index)" = "4af5e2227f0b887d591d3724b796a96eff04226104d872f5b3883fcd427d64b9"
"checksum unicode-xid 0.1.0 (registry+https://github.com/rust-lang/crates.io-index)" = "fc72304796d0818e357ead4e000d19c9c174ab23dc11093ac919054d20a6a7fc"
"checksum wasmparser 0.23.0 (registry+https://github.com/rust-lang/crates.io-index)" = "b5e01c420bc7d36e778bd242e1167b079562ba8b34087122cc9057187026d060"
