# This file is automatically @generated by Cargo.
# It is not intended for manual editing.
[[package]]
name = "ahash"
version = "0.3.3"
source = "registry+https://github.com/rust-lang/crates.io-index"
checksum = "35b909d1c126f78ace756fc337133356c499eebeefcce930fa5fb018823f2b2d"

[[package]]
name = "autocfg"
version = "1.0.0"
source = "registry+https://github.com/rust-lang/crates.io-index"
checksum = "f8aac770f1885fd7e387acedd76065302551364496e46b3dd00860b2f8359b9d"

[[package]]
name = "bit_field"
version = "0.10.0"
source = "registry+https://github.com/rust-lang/crates.io-index"
checksum = "a165d606cf084741d4ac3a28fb6e9b1eb0bd31f6cd999098cfddb0b2ab381dc0"

[[package]]
name = "bitflags"
version = "1.2.1"
source = "registry+https://github.com/rust-lang/crates.io-index"
checksum = "cf1de2fe8c75bc145a2f577add951f8134889b4795d47466a54a5c846d691693"

[[package]]
name = "byteorder"
version = "1.3.4"
source = "registry+https://github.com/rust-lang/crates.io-index"
checksum = "08c48aae112d48ed9f069b33538ea9e3e90aa263cfa3d1c24309612b1f7472de"

[[package]]
name = "cc"
version = "1.0.52"
source = "registry+https://github.com/rust-lang/crates.io-index"
checksum = "c3d87b23d6a92cd03af510a5ade527033f6aa6fa92161e2d5863a907d4c5e31d"

[[package]]
name = "cfg-if"
version = "0.1.10"
source = "registry+https://github.com/rust-lang/crates.io-index"
checksum = "4785bdd1c96b2a846b2bd7cc02e86b6b3dbf14e7e53446c4f54c92a361040822"

[[package]]
name = "cranelift-bforest"
version = "0.62.0"
source = "git+https://github.com/kwast-os/wasmtime?branch=0.62.0#2686b3ec4ddafe2af6137e6e86fefe62a5f23672"
dependencies = [
 "cranelift-entity",
]

[[package]]
name = "cranelift-codegen"
version = "0.62.0"
source = "git+https://github.com/kwast-os/wasmtime?branch=0.62.0#2686b3ec4ddafe2af6137e6e86fefe62a5f23672"
dependencies = [
 "byteorder",
 "cranelift-bforest",
 "cranelift-codegen-meta",
 "cranelift-codegen-shared",
 "cranelift-entity",
 "hashbrown",
 "log",
 "smallvec",
 "target-lexicon",
 "thiserror",
]

[[package]]
name = "cranelift-codegen-meta"
version = "0.62.0"
source = "git+https://github.com/kwast-os/wasmtime?branch=0.62.0#2686b3ec4ddafe2af6137e6e86fefe62a5f23672"
dependencies = [
 "cranelift-codegen-shared",
 "cranelift-entity",
]

[[package]]
name = "cranelift-codegen-shared"
version = "0.62.0"
source = "git+https://github.com/kwast-os/wasmtime?branch=0.62.0#2686b3ec4ddafe2af6137e6e86fefe62a5f23672"

[[package]]
name = "cranelift-entity"
version = "0.62.0"
source = "git+https://github.com/kwast-os/wasmtime?branch=0.62.0#2686b3ec4ddafe2af6137e6e86fefe62a5f23672"

[[package]]
name = "cranelift-frontend"
version = "0.62.0"
source = "git+https://github.com/kwast-os/wasmtime?branch=0.62.0#2686b3ec4ddafe2af6137e6e86fefe62a5f23672"
dependencies = [
 "cranelift-codegen",
 "hashbrown",
 "log",
 "smallvec",
 "target-lexicon",
]

[[package]]
name = "cranelift-native"
version = "0.62.0"
source = "git+https://github.com/kwast-os/wasmtime?branch=0.62.0#2686b3ec4ddafe2af6137e6e86fefe62a5f23672"
dependencies = [
 "cranelift-codegen",
 "raw-cpuid",
 "target-lexicon",
]

[[package]]
name = "cranelift-wasm"
version = "0.62.0"
source = "git+https://github.com/kwast-os/wasmtime?branch=0.62.0#2686b3ec4ddafe2af6137e6e86fefe62a5f23672"
dependencies = [
 "cranelift-codegen",
 "cranelift-entity",
 "cranelift-frontend",
 "hashbrown",
 "log",
 "thiserror",
 "wasmparser 0.51.4 (registry+https://github.com/rust-lang/crates.io-index)",
]

[[package]]
name = "hashbrown"
version = "0.7.2"
source = "registry+https://github.com/rust-lang/crates.io-index"
checksum = "96282e96bfcd3da0d3aa9938bedf1e50df3269b6db08b4876d2da0bb1a0841cf"
dependencies = [
 "ahash",
 "autocfg",
]

[[package]]
name = "kernel"
version = "0.1.0"
dependencies = [
 "bit_field",
 "bitflags",
 "cranelift-codegen",
 "cranelift-native",
 "cranelift-wasm",
 "hashbrown",
 "lazy_static",
 "memoffset",
 "multiboot2",
 "raw-cpuid",
 "spin 0.5.2 (registry+https://github.com/rust-lang/crates.io-index)",
 "volatile",
 "wasm-call",
]

[[package]]
name = "lazy_static"
version = "1.4.0"
source = "registry+https://github.com/rust-lang/crates.io-index"
checksum = "e2abad23fbc42b3700f2f279844dc832adb2b2eb069b2df918f455c4e18cc646"
dependencies = [
 "spin 0.5.2 (registry+https://github.com/rust-lang/crates.io-index)",
]

[[package]]
name = "log"
version = "0.4.8"
source = "registry+https://github.com/rust-lang/crates.io-index"
checksum = "14b6052be84e6b71ab17edffc2eeabf5c2c3ae1fdb464aae35ac50c67a44e1f7"
dependencies = [
 "cfg-if",
]

[[package]]
name = "memoffset"
version = "0.5.4"
source = "registry+https://github.com/rust-lang/crates.io-index"
checksum = "b4fc2c02a7e374099d4ee95a193111f72d2110197fe200272371758f6c3643d8"
dependencies = [
 "autocfg",
]

[[package]]
name = "multiboot2"
version = "0.8.2"
source = "registry+https://github.com/rust-lang/crates.io-index"
checksum = "24835c1bfe38142c78aa2d00769b0d76239c4b583d92f817e6e0a4f3631f40d6"
dependencies = [
 "bitflags",
]

[[package]]
name = "proc-macro-error"
version = "1.0.2"
source = "registry+https://github.com/rust-lang/crates.io-index"
checksum = "98e9e4b82e0ef281812565ea4751049f1bdcdfccda7d3f459f2e138a40c08678"
dependencies = [
 "proc-macro-error-attr",
 "proc-macro2",
 "quote",
 "syn",
 "version_check",
]

[[package]]
name = "proc-macro-error-attr"
version = "1.0.2"
source = "registry+https://github.com/rust-lang/crates.io-index"
checksum = "4f5444ead4e9935abd7f27dc51f7e852a0569ac888096d5ec2499470794e2e53"
dependencies = [
 "proc-macro2",
 "quote",
 "syn",
 "syn-mid",
 "version_check",
]

[[package]]
name = "proc-macro2"
version = "1.0.10"
source = "registry+https://github.com/rust-lang/crates.io-index"
checksum = "df246d292ff63439fea9bc8c0a270bed0e390d5ebd4db4ba15aba81111b5abe3"
dependencies = [
 "unicode-xid",
]

[[package]]
name = "quote"
version = "1.0.3"
source = "registry+https://github.com/rust-lang/crates.io-index"
checksum = "2bdc6c187c65bca4260c9011c9e3132efe4909da44726bad24cf7572ae338d7f"
dependencies = [
 "proc-macro2",
]

[[package]]
name = "raw-cpuid"
version = "7.0.3"
source = "registry+https://github.com/rust-lang/crates.io-index"
checksum = "b4a349ca83373cfa5d6dbb66fd76e58b2cca08da71a5f6400de0a0a6a9bceeaf"
dependencies = [
 "bitflags",
 "cc",
 "rustc_version",
]

[[package]]
name = "rustc_version"
version = "0.2.3"
source = "registry+https://github.com/rust-lang/crates.io-index"
checksum = "138e3e0acb6c9fb258b19b67cb8abd63c00679d2851805ea151465464fe9030a"
dependencies = [
 "semver",
]

[[package]]
name = "semver"
version = "0.9.0"
source = "registry+https://github.com/rust-lang/crates.io-index"
checksum = "1d7eb9ef2c18661902cc47e535f9bc51b78acd254da71d375c2f6720d9a40403"
dependencies = [
 "semver-parser",
]

[[package]]
name = "semver-parser"
version = "0.7.0"
source = "registry+https://github.com/rust-lang/crates.io-index"
checksum = "388a1df253eca08550bef6c72392cfe7c30914bf41df5269b68cbd6ff8f570a3"

[[package]]
name = "smallvec"
version = "1.4.0"
source = "registry+https://github.com/rust-lang/crates.io-index"
checksum = "c7cb5678e1615754284ec264d9bb5b4c27d2018577fd90ac0ceb578591ed5ee4"

[[package]]
name = "spin"
version = "0.5.2"
source = "git+https://github.com/kwast-os/spin-rs?rev=728a0de#728a0de51363d2138aa3ba94c59cebc6dc408622"

[[package]]
name = "spin"
version = "0.5.2"
source = "registry+https://github.com/rust-lang/crates.io-index"
checksum = "6e63cff320ae2c57904679ba7cb63280a3dc4613885beafb148ee7bf9aa9042d"
replace = "spin 0.5.2 (git+https://github.com/kwast-os/spin-rs?rev=728a0de)"

[[package]]
name = "syn"
version = "1.0.18"
source = "registry+https://github.com/rust-lang/crates.io-index"
checksum = "410a7488c0a728c7ceb4ad59b9567eb4053d02e8cc7f5c0e0eeeb39518369213"
dependencies = [
 "proc-macro2",
 "quote",
 "unicode-xid",
]

[[package]]
name = "syn-mid"
version = "0.5.0"
source = "registry+https://github.com/rust-lang/crates.io-index"
checksum = "7be3539f6c128a931cf19dcee741c1af532c7fd387baa739c03dd2e96479338a"
dependencies = [
 "proc-macro2",
 "quote",
 "syn",
]

[[package]]
name = "target-lexicon"
version = "0.10.0"
source = "registry+https://github.com/rust-lang/crates.io-index"
checksum = "ab0e7238dcc7b40a7be719a25365910f6807bd864f4cce6b2e6b873658e2b19d"

[[package]]
name = "thiserror"
version = "1.0.14"
source = "git+https://github.com/kwast-os/thiserror#f76bb9ae9ef896ffc158a898ae371f446fb2768f"
dependencies = [
 "thiserror-impl",
]

[[package]]
name = "thiserror-impl"
version = "1.0.14"
source = "git+https://github.com/kwast-os/thiserror#f76bb9ae9ef896ffc158a898ae371f446fb2768f"
dependencies = [
 "proc-macro2",
 "quote",
 "syn",
]

[[package]]
name = "unicode-xid"
version = "0.2.0"
source = "registry+https://github.com/rust-lang/crates.io-index"
checksum = "826e7639553986605ec5979c7dd957c7895e93eabed50ab2ffa7f6128a75097c"

[[package]]
name = "version_check"
version = "0.9.1"
source = "registry+https://github.com/rust-lang/crates.io-index"
checksum = "078775d0255232fb988e6fccf26ddc9d1ac274299aaedcedce21c6f72cc533ce"

[[package]]
name = "volatile"
version = "0.2.6"
source = "registry+https://github.com/rust-lang/crates.io-index"
checksum = "6af0edf5b4faacc31fc51159244d78d65ec580f021afcef7bd53c04aeabc7f29"

[[package]]
name = "wasm-call"
version = "0.1.0"
dependencies = [
 "proc-macro-error",
 "quote",
 "syn",
]

[[package]]
name = "wasmparser"
version = "0.51.4"
source = "git+https://github.com/kwast-os/wasmparser?branch=0.51.4#e933c5dbf59d59175309900df9b8aeba57fb9efa"
dependencies = [
 "hashbrown",
]

[[package]]
name = "wasmparser"
version = "0.51.4"
source = "registry+https://github.com/rust-lang/crates.io-index"
checksum = "aeb1956b19469d1c5e63e459d29e7b5aa0f558d9f16fcef09736f8a265e6c10a"
replace = "wasmparser 0.51.4 (git+https://github.com/kwast-os/wasmparser?branch=0.51.4)"
